
Microsoft Visual Studio Solution File, Format Version 12.00
# Visual Studio Version 16
VisualStudioVersion = 16.0.30104.148
MinimumVisualStudioVersion = 10.0.40219.1
Project("{9A19103F-16F7-4668-BE54-9A1E7A4F7556}") = "HomepageDev.API", "HomepageDev.API\HomepageDev.API.csproj", "{9F000EB0-9FB3-4583-8AAC-33A30E7C99F0}"
EndProject
Project("{2150E333-8FDC-42A3-9474-1A3956D46DE8}") = "Solution Items", "Solution Items", "{041267AA-7C42-40D1-B4B0-6D4D6C804420}"
	ProjectSection(SolutionItems) = preProject
		..\.gitignore = ..\.gitignore
		..\LICENSE = ..\LICENSE
		..\README.md = ..\README.md
	EndProjectSection
EndProject
Project("{9A19103F-16F7-4668-BE54-9A1E7A4F7556}") = "HomepageDev.Models", "HomepageDev.Models\HomepageDev.Models.csproj", "{FBA7293A-95C1-43B3-8025-EAA5050CDF2A}"
EndProject
Project("{9A19103F-16F7-4668-BE54-9A1E7A4F7556}") = "HomepageDev.Tests", "HomepageDev.Tests\HomepageDev.Tests.csproj", "{66AC95B5-8964-4612-BBE5-96A8EC5D8A35}"
EndProject
Global
	GlobalSection(SolutionConfigurationPlatforms) = preSolution
		Debug|Any CPU = Debug|Any CPU
		Prod|Any CPU = Prod|Any CPU
	EndGlobalSection
	GlobalSection(ProjectConfigurationPlatforms) = postSolution
		{9F000EB0-9FB3-4583-8AAC-33A30E7C99F0}.Debug|Any CPU.ActiveCfg = Debug|Any CPU
		{9F000EB0-9FB3-4583-8AAC-33A30E7C99F0}.Debug|Any CPU.Build.0 = Debug|Any CPU
		{9F000EB0-9FB3-4583-8AAC-33A30E7C99F0}.Prod|Any CPU.ActiveCfg = Prod|Any CPU
		{9F000EB0-9FB3-4583-8AAC-33A30E7C99F0}.Prod|Any CPU.Build.0 = Prod|Any CPU
		{FBA7293A-95C1-43B3-8025-EAA5050CDF2A}.Debug|Any CPU.ActiveCfg = Debug|Any CPU
		{FBA7293A-95C1-43B3-8025-EAA5050CDF2A}.Debug|Any CPU.Build.0 = Debug|Any CPU
		{FBA7293A-95C1-43B3-8025-EAA5050CDF2A}.Prod|Any CPU.ActiveCfg = Prod|Any CPU
		{FBA7293A-95C1-43B3-8025-EAA5050CDF2A}.Prod|Any CPU.Build.0 = Prod|Any CPU
		{66AC95B5-8964-4612-BBE5-96A8EC5D8A35}.Debug|Any CPU.ActiveCfg = Debug|Any CPU
		{66AC95B5-8964-4612-BBE5-96A8EC5D8A35}.Debug|Any CPU.Build.0 = Debug|Any CPU
		{66AC95B5-8964-4612-BBE5-96A8EC5D8A35}.Prod|Any CPU.ActiveCfg = Prod|Any CPU
		{66AC95B5-8964-4612-BBE5-96A8EC5D8A35}.Prod|Any CPU.Build.0 = Prod|Any CPU
	EndGlobalSection
	GlobalSection(SolutionProperties) = preSolution
		HideSolutionNode = FALSE
	EndGlobalSection
	GlobalSection(ExtensibilityGlobals) = postSolution
		SolutionGuid = {FAB3E486-712C-4A4F-9C3D-24FB39550CF3}
	EndGlobalSection
EndGlobal
